
Microsoft Visual Studio Solution File, Format Version 12.00
# Visual Studio Version 17
VisualStudioVersion = 17.8.34601.278
MinimumVisualStudioVersion = 10.0.40219.1
Project("{FAE04EC0-301F-11D3-BF4B-00C04F79EFBC}") = "RazorViewMotoru", "RazorViewMotoru\RazorViewMotoru.csproj", "{517A906A-5736-4C8E-B6CB-DA36DDABE899}"
EndProject
Global
	GlobalSection(SolutionConfigurationPlatforms) = preSolution
		Debug|Any CPU = Debug|Any CPU
		Release|Any CPU = Release|Any CPU
	EndGlobalSection
	GlobalSection(ProjectConfigurationPlatforms) = postSolution
		{517A906A-5736-4C8E-B6CB-DA36DDABE899}.Debug|Any CPU.ActiveCfg = Debug|Any CPU
		{517A906A-5736-4C8E-B6CB-DA36DDABE899}.Debug|Any CPU.Build.0 = Debug|Any CPU
		{517A906A-5736-4C8E-B6CB-DA36DDABE899}.Release|Any CPU.ActiveCfg = Release|Any CPU
		{517A906A-5736-4C8E-B6CB-DA36DDABE899}.Release|Any CPU.Build.0 = Release|Any CPU
	EndGlobalSection
	GlobalSection(SolutionProperties) = preSolution
		HideSolutionNode = FALSE
	EndGlobalSection
	GlobalSection(ExtensibilityGlobals) = postSolution
		SolutionGuid = {CE305516-11EC-4CEE-8BC4-BF599249A3D0}
	EndGlobalSection
EndGlobal
